
Microsoft Visual Studio Solution File, Format Version 12.00
# Visual Studio Version 17
VisualStudioVersion = 17.7.34221.43
MinimumVisualStudioVersion = 10.0.40219.1
Project("{9A19103F-16F7-4668-BE54-9A1E7A4F7556}") = "EastsydApp", "EastsydApp\EastsydApp.csproj", "{A62C0360-9FF1-46C9-9A9A-FF46F66BFE6F}"
EndProject
Project("{9A19103F-16F7-4668-BE54-9A1E7A4F7556}") = "EastsydApp.API", "EastsydApp.API\EastsydApp.API.csproj", "{12DC717E-BEE8-4045-A7E1-F314B3BCEC86}"
EndProject
Project("{9A19103F-16F7-4668-BE54-9A1E7A4F7556}") = "EastsydApp.Models", "EastsydApp.Models\EastsydApp.Models.csproj", "{CBBB18DE-A320-45D6-A811-224029817EBE}"
EndProject
Global
	GlobalSection(SolutionConfigurationPlatforms) = preSolution
		Debug|Any CPU = Debug|Any CPU
		Release|Any CPU = Release|Any CPU
	EndGlobalSection
	GlobalSection(ProjectConfigurationPlatforms) = postSolution
		{A62C0360-9FF1-46C9-9A9A-FF46F66BFE6F}.Debug|Any CPU.ActiveCfg = Debug|Any CPU
		{A62C0360-9FF1-46C9-9A9A-FF46F66BFE6F}.Debug|Any CPU.Build.0 = Debug|Any CPU
		{A62C0360-9FF1-46C9-9A9A-FF46F66BFE6F}.Release|Any CPU.ActiveCfg = Release|Any CPU
		{A62C0360-9FF1-46C9-9A9A-FF46F66BFE6F}.Release|Any CPU.Build.0 = Release|Any CPU
		{12DC717E-BEE8-4045-A7E1-F314B3BCEC86}.Debug|Any CPU.ActiveCfg = Debug|Any CPU
		{12DC717E-BEE8-4045-A7E1-F314B3BCEC86}.Debug|Any CPU.Build.0 = Debug|Any CPU
		{12DC717E-BEE8-4045-A7E1-F314B3BCEC86}.Release|Any CPU.ActiveCfg = Release|Any CPU
		{12DC717E-BEE8-4045-A7E1-F314B3BCEC86}.Release|Any CPU.Build.0 = Release|Any CPU
		{CBBB18DE-A320-45D6-A811-224029817EBE}.Debug|Any CPU.ActiveCfg = Debug|Any CPU
		{CBBB18DE-A320-45D6-A811-224029817EBE}.Debug|Any CPU.Build.0 = Debug|Any CPU
		{CBBB18DE-A320-45D6-A811-224029817EBE}.Release|Any CPU.ActiveCfg = Release|Any CPU
		{CBBB18DE-A320-45D6-A811-224029817EBE}.Release|Any CPU.Build.0 = Release|Any CPU
	EndGlobalSection
	GlobalSection(SolutionProperties) = preSolution
		HideSolutionNode = FALSE
	EndGlobalSection
	GlobalSection(ExtensibilityGlobals) = postSolution
		SolutionGuid = {5FA49EDE-BA43-4C09-8191-C94B5C500D48}
	EndGlobalSection
EndGlobal
